
Microsoft Visual Studio Solution File, Format Version 12.00
# Visual Studio Version 17
VisualStudioVersion = 17.5.33516.290
MinimumVisualStudioVersion = 10.0.40219.1
Project("{2150E333-8FDC-42A3-9474-1A3956D46DE8}") = "Homework01", "Homework01", "{FB1B3C0A-F16E-4709-AAF7-F41C4A7FB8EE}"
EndProject
Project("{8BC9CEB8-8B4A-11D0-8D11-00A0C91BC942}") = "Homework01_01", "Homework01_01\Homework01_01.vcxproj", "{046579A8-44CA-49B3-A288-937C17371B3E}"
EndProject
Project("{8BC9CEB8-8B4A-11D0-8D11-00A0C91BC942}") = "Homework01_02", "Homework01_02\Homework01_02.vcxproj", "{524BE6ED-D0D7-4239-AD01-AAF0609A3C2E}"
EndProject
Project("{8BC9CEB8-8B4A-11D0-8D11-00A0C91BC942}") = "Homework01_03", "Homework01_03\Homework01_03.vcxproj", "{26A5937C-FA03-473F-BE22-8095E80A00B7}"
EndProject
Project("{2150E333-8FDC-42A3-9474-1A3956D46DE8}") = "Homework02", "Homework02", "{1CEC9637-B0A3-4D74-87E2-3BA37BC69E56}"
EndProject
Project("{8BC9CEB8-8B4A-11D0-8D11-00A0C91BC942}") = "Homework02_01", "Homework02_01\Homework02_01.vcxproj", "{C695A66D-4BE4-468A-8D23-6E15ECD7322C}"
EndProject
Project("{8BC9CEB8-8B4A-11D0-8D11-00A0C91BC942}") = "Homework02_03", "Homework02_03\Homework02_03.vcxproj", "{6D1824BE-A0DF-4059-875E-E379CD21E5EB}"
EndProject
Project("{8BC9CEB8-8B4A-11D0-8D11-00A0C91BC942}") = "Homework02_02", "Homework02_02\Homework02_02.vcxproj", "{A016C914-70BC-4754-B094-58E5D98536AD}"
EndProject
Project("{2150E333-8FDC-42A3-9474-1A3956D46DE8}") = "Homework03", "Homework03", "{1988A236-E88D-4EDF-8110-B3A98482DDF9}"
EndProject
Project("{2150E333-8FDC-42A3-9474-1A3956D46DE8}") = "Homework04", "Homework04", "{32AC3AD3-F738-42C9-93D4-4FB71ABC2B25}"
EndProject
Project("{2150E333-8FDC-42A3-9474-1A3956D46DE8}") = "Homework05", "Homework05", "{1BFE3757-A22C-4404-99AF-D52F623C8F6E}"
EndProject
Project("{2150E333-8FDC-42A3-9474-1A3956D46DE8}") = "Homework06", "Homework06", "{23924A74-77F6-4647-8ED3-9876661DA9D3}"
EndProject
Project("{2150E333-8FDC-42A3-9474-1A3956D46DE8}") = "Homework07", "Homework07", "{3CE174C5-68BC-40F4-998A-55CEB8102B96}"
EndProject
Project("{2150E333-8FDC-42A3-9474-1A3956D46DE8}") = "Homework08", "Homework08", "{49E09DB8-01F1-45F8-8C04-5648D9BD52B6}"
EndProject
Project("{8BC9CEB8-8B4A-11D0-8D11-00A0C91BC942}") = "Homework03_01", "Homework03_01\Homework03_01.vcxproj", "{47337B5F-69B9-43B0-9075-3D7AAF393EF3}"
EndProject
Project("{8BC9CEB8-8B4A-11D0-8D11-00A0C91BC942}") = "Homework03_02", "Homework03_02\Homework03_02.vcxproj", "{DE4280FC-B071-49E7-92CF-C738B6024BB5}"
EndProject
Project("{8BC9CEB8-8B4A-11D0-8D11-00A0C91BC942}") = "Homework03_03", "Homework03_03\Homework03_03.vcxproj", "{6F84D352-B544-452D-A1BC-D61253FBB6DD}"
EndProject
Project("{8BC9CEB8-8B4A-11D0-8D11-00A0C91BC942}") = "Homework04_01", "Homework04_01\Homework04_01.vcxproj", "{EE62806D-D5E9-48BF-AB0A-A069D03D8DB0}"
EndProject
Project("{8BC9CEB8-8B4A-11D0-8D11-00A0C91BC942}") = "Homework04_02", "Homework04_02\Homework04_02.vcxproj", "{B49F5774-80B8-45B6-8CC6-B9C513064B12}"
EndProject
Project("{8BC9CEB8-8B4A-11D0-8D11-00A0C91BC942}") = "Homework04_03", "Homework04_03\Homework04_03.vcxproj", "{7D257996-2A48-47DA-A5E8-D3693A83C0DD}"
EndProject
Project("{8BC9CEB8-8B4A-11D0-8D11-00A0C91BC942}") = "Homework05_01", "Homework05_01\Homework05_01.vcxproj", "{9CE5160E-B52F-4875-93AD-FEFE6BC4019E}"
EndProject
Project("{8BC9CEB8-8B4A-11D0-8D11-00A0C91BC942}") = "Homework05_02", "Homework05_02\Homework05_02.vcxproj", "{C0F2E6E6-A174-4435-96DE-58B430154C29}"
EndProject
Project("{8BC9CEB8-8B4A-11D0-8D11-00A0C91BC942}") = "Homework05_03", "Homework05_03\Homework05_03.vcxproj", "{735499EA-702B-4E85-9D9B-AC60BD78108F}"
EndProject
Project("{8BC9CEB8-8B4A-11D0-8D11-00A0C91BC942}") = "Homework06_01", "Homework06_01\Homework06_01.vcxproj", "{014E580E-19A4-4954-9D54-7351938A0D78}"
EndProject
Project("{8BC9CEB8-8B4A-11D0-8D11-00A0C91BC942}") = "Homework06_02", "Homework06_02\Homework06_02.vcxproj", "{6FDD1B92-F4BB-4A74-A1F4-E153B0C3D49E}"
EndProject
Project("{8BC9CEB8-8B4A-11D0-8D11-00A0C91BC942}") = "Homework06_03", "Homework06_03\Homework06_03.vcxproj", "{A1BC314A-A4E2-472D-B343-0E3066AB3C53}"
EndProject
Project("{8BC9CEB8-8B4A-11D0-8D11-00A0C91BC942}") = "Homework07_01", "Homework07_01\Homework07_01.vcxproj", "{BB7E0C60-CB07-4235-B752-F652A36731DE}"
EndProject
Project("{8BC9CEB8-8B4A-11D0-8D11-00A0C91BC942}") = "Homework07_02", "Homework07_02\Homework07_02.vcxproj", "{36426992-3E21-4485-A7F3-00D417BA8179}"
EndProject
Project("{8BC9CEB8-8B4A-11D0-8D11-00A0C91BC942}") = "Homework07_03", "Homework07_03\Homework07_03.vcxproj", "{B051FCD0-AFB5-4B3E-9437-68F325B2CA9F}"
EndProject
Project("{8BC9CEB8-8B4A-11D0-8D11-00A0C91BC942}") = "Homework06_04", "Homework06_04\Homework06_04.vcxproj", "{2B7C7772-7521-4D7D-B624-277E8328679C}"
EndProject
Project("{8BC9CEB8-8B4A-11D0-8D11-00A0C91BC942}") = "Homework08_01", "Homework08_01\Homework08_01.vcxproj", "{CE04F467-C3DC-4EF5-998F-788B3ECAA2B4}"
EndProject
Project("{8BC9CEB8-8B4A-11D0-8D11-00A0C91BC942}") = "Homework08_02", "Homework08_02\Homework08_02.vcxproj", "{7A3A270B-0BE6-48BF-B612-09562E01E7CD}"
EndProject
Project("{8BC9CEB8-8B4A-11D0-8D11-00A0C91BC942}") = "Homework08_03", "Homework08_03\Homework08_03.vcxproj", "{C1DB8EE0-82B7-4E5C-B982-8CAEA9C97BDE}"
EndProject
Global
	GlobalSection(SolutionConfigurationPlatforms) = preSolution
		Debug|x64 = Debug|x64
		Debug|x86 = Debug|x86
		Release|x64 = Release|x64
		Release|x86 = Release|x86
	EndGlobalSection
	GlobalSection(ProjectConfigurationPlatforms) = postSolution
		{046579A8-44CA-49B3-A288-937C17371B3E}.Debug|x64.ActiveCfg = Debug|x64
		{046579A8-44CA-49B3-A288-937C17371B3E}.Debug|x64.Build.0 = Debug|x64
		{046579A8-44CA-49B3-A288-937C17371B3E}.Debug|x86.ActiveCfg = Debug|Win32
		{046579A8-44CA-49B3-A288-937C17371B3E}.Debug|x86.Build.0 = Debug|Win32
		{046579A8-44CA-49B3-A288-937C17371B3E}.Release|x64.ActiveCfg = Release|x64
		{046579A8-44CA-49B3-A288-937C17371B3E}.Release|x64.Build.0 = Release|x64
		{046579A8-44CA-49B3-A288-937C17371B3E}.Release|x86.ActiveCfg = Release|Win32
		{046579A8-44CA-49B3-A288-937C17371B3E}.Release|x86.Build.0 = Release|Win32
		{524BE6ED-D0D7-4239-AD01-AAF0609A3C2E}.Debug|x64.ActiveCfg = Debug|x64
		{524BE6ED-D0D7-4239-AD01-AAF0609A3C2E}.Debug|x64.Build.0 = Debug|x64
		{524BE6ED-D0D7-4239-AD01-AAF0609A3C2E}.Debug|x86.ActiveCfg = Debug|Win32
		{524BE6ED-D0D7-4239-AD01-AAF0609A3C2E}.Debug|x86.Build.0 = Debug|Win32
		{524BE6ED-D0D7-4239-AD01-AAF0609A3C2E}.Release|x64.ActiveCfg = Release|x64
		{524BE6ED-D0D7-4239-AD01-AAF0609A3C2E}.Release|x64.Build.0 = Release|x64
		{524BE6ED-D0D7-4239-AD01-AAF0609A3C2E}.Release|x86.ActiveCfg = Release|Win32
		{524BE6ED-D0D7-4239-AD01-AAF0609A3C2E}.Release|x86.Build.0 = Release|Win32
		{26A5937C-FA03-473F-BE22-8095E80A00B7}.Debug|x64.ActiveCfg = Debug|x64
		{26A5937C-FA03-473F-BE22-8095E80A00B7}.Debug|x64.Build.0 = Debug|x64
		{26A5937C-FA03-473F-BE22-8095E80A00B7}.Debug|x86.ActiveCfg = Debug|Win32
		{26A5937C-FA03-473F-BE22-8095E80A00B7}.Debug|x86.Build.0 = Debug|Win32
		{26A5937C-FA03-473F-BE22-8095E80A00B7}.Release|x64.ActiveCfg = Release|x64
		{26A5937C-FA03-473F-BE22-8095E80A00B7}.Release|x64.Build.0 = Release|x64
		{26A5937C-FA03-473F-BE22-8095E80A00B7}.Release|x86.ActiveCfg = Release|Win32
		{26A5937C-FA03-473F-BE22-8095E80A00B7}.Release|x86.Build.0 = Release|Win32
		{C695A66D-4BE4-468A-8D23-6E15ECD7322C}.Debug|x64.ActiveCfg = Debug|x64
		{C695A66D-4BE4-468A-8D23-6E15ECD7322C}.Debug|x64.Build.0 = Debug|x64
		{C695A66D-4BE4-468A-8D23-6E15ECD7322C}.Debug|x86.ActiveCfg = Debug|Win32
		{C695A66D-4BE4-468A-8D23-6E15ECD7322C}.Debug|x86.Build.0 = Debug|Win32
		{C695A66D-4BE4-468A-8D23-6E15ECD7322C}.Release|x64.ActiveCfg = Release|x64
		{C695A66D-4BE4-468A-8D23-6E15ECD7322C}.Release|x64.Build.0 = Release|x64
		{C695A66D-4BE4-468A-8D23-6E15ECD7322C}.Release|x86.ActiveCfg = Release|Win32
		{C695A66D-4BE4-468A-8D23-6E15ECD7322C}.Release|x86.Build.0 = Release|Win32
		{6D1824BE-A0DF-4059-875E-E379CD21E5EB}.Debug|x64.ActiveCfg = Debug|x64
		{6D1824BE-A0DF-4059-875E-E379CD21E5EB}.Debug|x64.Build.0 = Debug|x64
		{6D1824BE-A0DF-4059-875E-E379CD21E5EB}.Debug|x86.ActiveCfg = Debug|Win32
		{6D1824BE-A0DF-4059-875E-E379CD21E5EB}.Debug|x86.Build.0 = Debug|Win32
		{6D1824BE-A0DF-4059-875E-E379CD21E5EB}.Release|x64.ActiveCfg = Release|x64
		{6D1824BE-A0DF-4059-875E-E379CD21E5EB}.Release|x64.Build.0 = Release|x64
		{6D1824BE-A0DF-4059-875E-E379CD21E5EB}.Release|x86.ActiveCfg = Release|Win32
		{6D1824BE-A0DF-4059-875E-E379CD21E5EB}.Release|x86.Build.0 = Release|Win32
		{A016C914-70BC-4754-B094-58E5D98536AD}.Debug|x64.ActiveCfg = Debug|x64
		{A016C914-70BC-4754-B094-58E5D98536AD}.Debug|x64.Build.0 = Debug|x64
		{A016C914-70BC-4754-B094-58E5D98536AD}.Debug|x86.ActiveCfg = Debug|Win32
		{A016C914-70BC-4754-B094-58E5D98536AD}.Debug|x86.Build.0 = Debug|Win32
		{A016C914-70BC-4754-B094-58E5D98536AD}.Release|x64.ActiveCfg = Release|x64
		{A016C914-70BC-4754-B094-58E5D98536AD}.Release|x64.Build.0 = Release|x64
		{A016C914-70BC-4754-B094-58E5D98536AD}.Release|x86.ActiveCfg = Release|Win32
		{A016C914-70BC-4754-B094-58E5D98536AD}.Release|x86.Build.0 = Release|Win32
		{47337B5F-69B9-43B0-9075-3D7AAF393EF3}.Debug|x64.ActiveCfg = Debug|x64
		{47337B5F-69B9-43B0-9075-3D7AAF393EF3}.Debug|x64.Build.0 = Debug|x64
		{47337B5F-69B9-43B0-9075-3D7AAF393EF3}.Debug|x86.ActiveCfg = Debug|Win32
		{47337B5F-69B9-43B0-9075-3D7AAF393EF3}.Debug|x86.Build.0 = Debug|Win32
		{47337B5F-69B9-43B0-9075-3D7AAF393EF3}.Release|x64.ActiveCfg = Release|x64
		{47337B5F-69B9-43B0-9075-3D7AAF393EF3}.Release|x64.Build.0 = Release|x64
		{47337B5F-69B9-43B0-9075-3D7AAF393EF3}.Release|x86.ActiveCfg = Release|Win32
		{47337B5F-69B9-43B0-9075-3D7AAF393EF3}.Release|x86.Build.0 = Release|Win32
		{DE4280FC-B071-49E7-92CF-C738B6024BB5}.Debug|x64.ActiveCfg = Debug|x64
		{DE4280FC-B071-49E7-92CF-C738B6024BB5}.Debug|x64.Build.0 = Debug|x64
		{DE4280FC-B071-49E7-92CF-C738B6024BB5}.Debug|x86.ActiveCfg = Debug|Win32
		{DE4280FC-B071-49E7-92CF-C738B6024BB5}.Debug|x86.Build.0 = Debug|Win32
		{DE4280FC-B071-49E7-92CF-C738B6024BB5}.Release|x64.ActiveCfg = Release|x64
		{DE4280FC-B071-49E7-92CF-C738B6024BB5}.Release|x64.Build.0 = Release|x64
		{DE4280FC-B071-49E7-92CF-C738B6024BB5}.Release|x86.ActiveCfg = Release|Win32
		{DE4280FC-B071-49E7-92CF-C738B6024BB5}.Release|x86.Build.0 = Release|Win32
		{6F84D352-B544-452D-A1BC-D61253FBB6DD}.Debug|x64.ActiveCfg = Debug|x64
		{6F84D352-B544-452D-A1BC-D61253FBB6DD}.Debug|x64.Build.0 = Debug|x64
		{6F84D352-B544-452D-A1BC-D61253FBB6DD}.Debug|x86.ActiveCfg = Debug|Win32
		{6F84D352-B544-452D-A1BC-D61253FBB6DD}.Debug|x86.Build.0 = Debug|Win32
		{6F84D352-B544-452D-A1BC-D61253FBB6DD}.Release|x64.ActiveCfg = Release|x64
		{6F84D352-B544-452D-A1BC-D61253FBB6DD}.Release|x64.Build.0 = Release|x64
		{6F84D352-B544-452D-A1BC-D61253FBB6DD}.Release|x86.ActiveCfg = Release|Win32
		{6F84D352-B544-452D-A1BC-D61253FBB6DD}.Release|x86.Build.0 = Release|Win32
		{EE62806D-D5E9-48BF-AB0A-A069D03D8DB0}.Debug|x64.ActiveCfg = Debug|x64
		{EE62806D-D5E9-48BF-AB0A-A069D03D8DB0}.Debug|x64.Build.0 = Debug|x64
		{EE62806D-D5E9-48BF-AB0A-A069D03D8DB0}.Debug|x86.ActiveCfg = Debug|Win32
		{EE62806D-D5E9-48BF-AB0A-A069D03D8DB0}.Debug|x86.Build.0 = Debug|Win32
		{EE62806D-D5E9-48BF-AB0A-A069D03D8DB0}.Release|x64.ActiveCfg = Release|x64
		{EE62806D-D5E9-48BF-AB0A-A069D03D8DB0}.Release|x64.Build.0 = Release|x64
		{EE62806D-D5E9-48BF-AB0A-A069D03D8DB0}.Release|x86.ActiveCfg = Release|Win32
		{EE62806D-D5E9-48BF-AB0A-A069D03D8DB0}.Release|x86.Build.0 = Release|Win32
		{B49F5774-80B8-45B6-8CC6-B9C513064B12}.Debug|x64.ActiveCfg = Debug|x64
		{B49F5774-80B8-45B6-8CC6-B9C513064B12}.Debug|x64.Build.0 = Debug|x64
		{B49F5774-80B8-45B6-8CC6-B9C513064B12}.Debug|x86.ActiveCfg = Debug|Win32
		{B49F5774-80B8-45B6-8CC6-B9C513064B12}.Debug|x86.Build.0 = Debug|Win32
		{B49F5774-80B8-45B6-8CC6-B9C513064B12}.Release|x64.ActiveCfg = Release|x64
		{B49F5774-80B8-45B6-8CC6-B9C513064B12}.Release|x64.Build.0 = Release|x64
		{B49F5774-80B8-45B6-8CC6-B9C513064B12}.Release|x86.ActiveCfg = Release|Win32
		{B49F5774-80B8-45B6-8CC6-B9C513064B12}.Release|x86.Build.0 = Release|Win32
		{7D257996-2A48-47DA-A5E8-D3693A83C0DD}.Debug|x64.ActiveCfg = Debug|x64
		{7D257996-2A48-47DA-A5E8-D3693A83C0DD}.Debug|x64.Build.0 = Debug|x64
		{7D257996-2A48-47DA-A5E8-D3693A83C0DD}.Debug|x86.ActiveCfg = Debug|Win32
		{7D257996-2A48-47DA-A5E8-D3693A83C0DD}.Debug|x86.Build.0 = Debug|Win32
		{7D257996-2A48-47DA-A5E8-D3693A83C0DD}.Release|x64.ActiveCfg = Release|x64
		{7D257996-2A48-47DA-A5E8-D3693A83C0DD}.Release|x64.Build.0 = Release|x64
		{7D257996-2A48-47DA-A5E8-D3693A83C0DD}.Release|x86.ActiveCfg = Release|Win32
		{7D257996-2A48-47DA-A5E8-D3693A83C0DD}.Release|x86.Build.0 = Release|Win32
		{9CE5160E-B52F-4875-93AD-FEFE6BC4019E}.Debug|x64.ActiveCfg = Debug|x64
		{9CE5160E-B52F-4875-93AD-FEFE6BC4019E}.Debug|x64.Build.0 = Debug|x64
		{9CE5160E-B52F-4875-93AD-FEFE6BC4019E}.Debug|x86.ActiveCfg = Debug|Win32
		{9CE5160E-B52F-4875-93AD-FEFE6BC4019E}.Debug|x86.Build.0 = Debug|Win32
		{9CE5160E-B52F-4875-93AD-FEFE6BC4019E}.Release|x64.ActiveCfg = Release|x64
		{9CE5160E-B52F-4875-93AD-FEFE6BC4019E}.Release|x64.Build.0 = Release|x64
		{9CE5160E-B52F-4875-93AD-FEFE6BC4019E}.Release|x86.ActiveCfg = Release|Win32
		{9CE5160E-B52F-4875-93AD-FEFE6BC4019E}.Release|x86.Build.0 = Release|Win32
		{C0F2E6E6-A174-4435-96DE-58B430154C29}.Debug|x64.ActiveCfg = Debug|x64
		{C0F2E6E6-A174-4435-96DE-58B430154C29}.Debug|x64.Build.0 = Debug|x64
		{C0F2E6E6-A174-4435-96DE-58B430154C29}.Debug|x86.ActiveCfg = Debug|Win32
		{C0F2E6E6-A174-4435-96DE-58B430154C29}.Debug|x86.Build.0 = Debug|Win32
		{C0F2E6E6-A174-4435-96DE-58B430154C29}.Release|x64.ActiveCfg = Release|x64
		{C0F2E6E6-A174-4435-96DE-58B430154C29}.Release|x64.Build.0 = Release|x64
		{C0F2E6E6-A174-4435-96DE-58B430154C29}.Release|x86.ActiveCfg = Release|Win32
		{C0F2E6E6-A174-4435-96DE-58B430154C29}.Release|x86.Build.0 = Release|Win32
		{735499EA-702B-4E85-9D9B-AC60BD78108F}.Debug|x64.ActiveCfg = Debug|x64
		{735499EA-702B-4E85-9D9B-AC60BD78108F}.Debug|x64.Build.0 = Debug|x64
		{735499EA-702B-4E85-9D9B-AC60BD78108F}.Debug|x86.ActiveCfg = Debug|Win32
		{735499EA-702B-4E85-9D9B-AC60BD78108F}.Debug|x86.Build.0 = Debug|Win32
		{735499EA-702B-4E85-9D9B-AC60BD78108F}.Release|x64.ActiveCfg = Release|x64
		{735499EA-702B-4E85-9D9B-AC60BD78108F}.Release|x64.Build.0 = Release|x64
		{735499EA-702B-4E85-9D9B-AC60BD78108F}.Release|x86.ActiveCfg = Release|Win32
		{735499EA-702B-4E85-9D9B-AC60BD78108F}.Release|x86.Build.0 = Release|Win32
		{014E580E-19A4-4954-9D54-7351938A0D78}.Debug|x64.ActiveCfg = Debug|x64
		{014E580E-19A4-4954-9D54-7351938A0D78}.Debug|x64.Build.0 = Debug|x64
		{014E580E-19A4-4954-9D54-7351938A0D78}.Debug|x86.ActiveCfg = Debug|Win32
		{014E580E-19A4-4954-9D54-7351938A0D78}.Debug|x86.Build.0 = Debug|Win32
		{014E580E-19A4-4954-9D54-7351938A0D78}.Release|x64.ActiveCfg = Release|x64
		{014E580E-19A4-4954-9D54-7351938A0D78}.Release|x64.Build.0 = Release|x64
		{014E580E-19A4-4954-9D54-7351938A0D78}.Release|x86.ActiveCfg = Release|Win32
		{014E580E-19A4-4954-9D54-7351938A0D78}.Release|x86.Build.0 = Release|Win32
		{6FDD1B92-F4BB-4A74-A1F4-E153B0C3D49E}.Debug|x64.ActiveCfg = Debug|x64
		{6FDD1B92-F4BB-4A74-A1F4-E153B0C3D49E}.Debug|x64.Build.0 = Debug|x64
		{6FDD1B92-F4BB-4A74-A1F4-E153B0C3D49E}.Debug|x86.ActiveCfg = Debug|Win32
		{6FDD1B92-F4BB-4A74-A1F4-E153B0C3D49E}.Debug|x86.Build.0 = Debug|Win32
		{6FDD1B92-F4BB-4A74-A1F4-E153B0C3D49E}.Release|x64.ActiveCfg = Release|x64
		{6FDD1B92-F4BB-4A74-A1F4-E153B0C3D49E}.Release|x64.Build.0 = Release|x64
		{6FDD1B92-F4BB-4A74-A1F4-E153B0C3D49E}.Release|x86.ActiveCfg = Release|Win32
		{6FDD1B92-F4BB-4A74-A1F4-E153B0C3D49E}.Release|x86.Build.0 = Release|Win32
		{A1BC314A-A4E2-472D-B343-0E3066AB3C53}.Debug|x64.ActiveCfg = Debug|x64
		{A1BC314A-A4E2-472D-B343-0E3066AB3C53}.Debug|x64.Build.0 = Debug|x64
		{A1BC314A-A4E2-472D-B343-0E3066AB3C53}.Debug|x86.ActiveCfg = Debug|Win32
		{A1BC314A-A4E2-472D-B343-0E3066AB3C53}.Debug|x86.Build.0 = Debug|Win32
		{A1BC314A-A4E2-472D-B343-0E3066AB3C53}.Release|x64.ActiveCfg = Release|x64
		{A1BC314A-A4E2-472D-B343-0E3066AB3C53}.Release|x64.Build.0 = Release|x64
		{A1BC314A-A4E2-472D-B343-0E3066AB3C53}.Release|x86.ActiveCfg = Release|Win32
		{A1BC314A-A4E2-472D-B343-0E3066AB3C53}.Release|x86.Build.0 = Release|Win32
		{BB7E0C60-CB07-4235-B752-F652A36731DE}.Debug|x64.ActiveCfg = Debug|x64
		{BB7E0C60-CB07-4235-B752-F652A36731DE}.Debug|x64.Build.0 = Debug|x64
		{BB7E0C60-CB07-4235-B752-F652A36731DE}.Debug|x86.ActiveCfg = Debug|Win32
		{BB7E0C60-CB07-4235-B752-F652A36731DE}.Debug|x86.Build.0 = Debug|Win32
		{BB7E0C60-CB07-4235-B752-F652A36731DE}.Release|x64.ActiveCfg = Release|x64
		{BB7E0C60-CB07-4235-B752-F652A36731DE}.Release|x64.Build.0 = Release|x64
		{BB7E0C60-CB07-4235-B752-F652A36731DE}.Release|x86.ActiveCfg = Release|Win32
		{BB7E0C60-CB07-4235-B752-F652A36731DE}.Release|x86.Build.0 = Release|Win32
		{36426992-3E21-4485-A7F3-00D417BA8179}.Debug|x64.ActiveCfg = Debug|x64
		{36426992-3E21-4485-A7F3-00D417BA8179}.Debug|x64.Build.0 = Debug|x64
		{36426992-3E21-4485-A7F3-00D417BA8179}.Debug|x86.ActiveCfg = Debug|Win32
		{36426992-3E21-4485-A7F3-00D417BA8179}.Debug|x86.Build.0 = Debug|Win32
		{36426992-3E21-4485-A7F3-00D417BA8179}.Release|x64.ActiveCfg = Release|x64
		{36426992-3E21-4485-A7F3-00D417BA8179}.Release|x64.Build.0 = Release|x64
		{36426992-3E21-4485-A7F3-00D417BA8179}.Release|x86.ActiveCfg = Release|Win32
		{36426992-3E21-4485-A7F3-00D417BA8179}.Release|x86.Build.0 = Release|Win32
		{B051FCD0-AFB5-4B3E-9437-68F325B2CA9F}.Debug|x64.ActiveCfg = Debug|x64
		{B051FCD0-AFB5-4B3E-9437-68F325B2CA9F}.Debug|x64.Build.0 = Debug|x64
		{B051FCD0-AFB5-4B3E-9437-68F325B2CA9F}.Debug|x86.ActiveCfg = Debug|Win32
		{B051FCD0-AFB5-4B3E-9437-68F325B2CA9F}.Debug|x86.Build.0 = Debug|Win32
		{B051FCD0-AFB5-4B3E-9437-68F325B2CA9F}.Release|x64.ActiveCfg = Release|x64
		{B051FCD0-AFB5-4B3E-9437-68F325B2CA9F}.Release|x64.Build.0 = Release|x64
		{B051FCD0-AFB5-4B3E-9437-68F325B2CA9F}.Release|x86.ActiveCfg = Release|Win32
		{B051FCD0-AFB5-4B3E-9437-68F325B2CA9F}.Release|x86.Build.0 = Release|Win32
		{2B7C7772-7521-4D7D-B624-277E8328679C}.Debug|x64.ActiveCfg = Debug|x64
		{2B7C7772-7521-4D7D-B624-277E8328679C}.Debug|x64.Build.0 = Debug|x64
		{2B7C7772-7521-4D7D-B624-277E8328679C}.Debug|x86.ActiveCfg = Debug|Win32
		{2B7C7772-7521-4D7D-B624-277E8328679C}.Debug|x86.Build.0 = Debug|Win32
		{2B7C7772-7521-4D7D-B624-277E8328679C}.Release|x64.ActiveCfg = Release|x64
		{2B7C7772-7521-4D7D-B624-277E8328679C}.Release|x64.Build.0 = Release|x64
		{2B7C7772-7521-4D7D-B624-277E8328679C}.Release|x86.ActiveCfg = Release|Win32
		{2B7C7772-7521-4D7D-B624-277E8328679C}.Release|x86.Build.0 = Release|Win32
		{CE04F467-C3DC-4EF5-998F-788B3ECAA2B4}.Debug|x64.ActiveCfg = Debug|x64
		{CE04F467-C3DC-4EF5-998F-788B3ECAA2B4}.Debug|x64.Build.0 = Debug|x64
		{CE04F467-C3DC-4EF5-998F-788B3ECAA2B4}.Debug|x86.ActiveCfg = Debug|Win32
		{CE04F467-C3DC-4EF5-998F-788B3ECAA2B4}.Debug|x86.Build.0 = Debug|Win32
		{CE04F467-C3DC-4EF5-998F-788B3ECAA2B4}.Release|x64.ActiveCfg = Release|x64
		{CE04F467-C3DC-4EF5-998F-788B3ECAA2B4}.Release|x64.Build.0 = Release|x64
		{CE04F467-C3DC-4EF5-998F-788B3ECAA2B4}.Release|x86.ActiveCfg = Release|Win32
		{CE04F467-C3DC-4EF5-998F-788B3ECAA2B4}.Release|x86.Build.0 = Release|Win32
		{7A3A270B-0BE6-48BF-B612-09562E01E7CD}.Debug|x64.ActiveCfg = Debug|x64
		{7A3A270B-0BE6-48BF-B612-09562E01E7CD}.Debug|x64.Build.0 = Debug|x64
		{7A3A270B-0BE6-48BF-B612-09562E01E7CD}.Debug|x86.ActiveCfg = Debug|Win32
		{7A3A270B-0BE6-48BF-B612-09562E01E7CD}.Debug|x86.Build.0 = Debug|Win32
		{7A3A270B-0BE6-48BF-B612-09562E01E7CD}.Release|x64.ActiveCfg = Release|x64
		{7A3A270B-0BE6-48BF-B612-09562E01E7CD}.Release|x64.Build.0 = Release|x64
		{7A3A270B-0BE6-48BF-B612-09562E01E7CD}.Release|x86.ActiveCfg = Release|Win32
		{7A3A270B-0BE6-48BF-B612-09562E01E7CD}.Release|x86.Build.0 = Release|Win32
		{C1DB8EE0-82B7-4E5C-B982-8CAEA9C97BDE}.Debug|x64.ActiveCfg = Debug|x64
		{C1DB8EE0-82B7-4E5C-B982-8CAEA9C97BDE}.Debug|x64.Build.0 = Debug|x64
		{C1DB8EE0-82B7-4E5C-B982-8CAEA9C97BDE}.Debug|x86.ActiveCfg = Debug|Win32
		{C1DB8EE0-82B7-4E5C-B982-8CAEA9C97BDE}.Debug|x86.Build.0 = Debug|Win32
		{C1DB8EE0-82B7-4E5C-B982-8CAEA9C97BDE}.Release|x64.ActiveCfg = Release|x64
		{C1DB8EE0-82B7-4E5C-B982-8CAEA9C97BDE}.Release|x64.Build.0 = Release|x64
		{C1DB8EE0-82B7-4E5C-B982-8CAEA9C97BDE}.Release|x86.ActiveCfg = Release|Win32
		{C1DB8EE0-82B7-4E5C-B982-8CAEA9C97BDE}.Release|x86.Build.0 = Release|Win32
	EndGlobalSection
	GlobalSection(SolutionProperties) = preSolution
		HideSolutionNode = FALSE
	EndGlobalSection
	GlobalSection(NestedProjects) = preSolution
		{046579A8-44CA-49B3-A288-937C17371B3E} = {FB1B3C0A-F16E-4709-AAF7-F41C4A7FB8EE}
		{524BE6ED-D0D7-4239-AD01-AAF0609A3C2E} = {FB1B3C0A-F16E-4709-AAF7-F41C4A7FB8EE}
		{26A5937C-FA03-473F-BE22-8095E80A00B7} = {FB1B3C0A-F16E-4709-AAF7-F41C4A7FB8EE}
		{C695A66D-4BE4-468A-8D23-6E15ECD7322C} = {1CEC9637-B0A3-4D74-87E2-3BA37BC69E56}
		{6D1824BE-A0DF-4059-875E-E379CD21E5EB} = {1CEC9637-B0A3-4D74-87E2-3BA37BC69E56}
		{A016C914-70BC-4754-B094-58E5D98536AD} = {1CEC9637-B0A3-4D74-87E2-3BA37BC69E56}
		{47337B5F-69B9-43B0-9075-3D7AAF393EF3} = {1988A236-E88D-4EDF-8110-B3A98482DDF9}
		{DE4280FC-B071-49E7-92CF-C738B6024BB5} = {1988A236-E88D-4EDF-8110-B3A98482DDF9}
		{6F84D352-B544-452D-A1BC-D61253FBB6DD} = {1988A236-E88D-4EDF-8110-B3A98482DDF9}
		{EE62806D-D5E9-48BF-AB0A-A069D03D8DB0} = {32AC3AD3-F738-42C9-93D4-4FB71ABC2B25}
		{B49F5774-80B8-45B6-8CC6-B9C513064B12} = {32AC3AD3-F738-42C9-93D4-4FB71ABC2B25}
		{7D257996-2A48-47DA-A5E8-D3693A83C0DD} = {32AC3AD3-F738-42C9-93D4-4FB71ABC2B25}
		{9CE5160E-B52F-4875-93AD-FEFE6BC4019E} = {1BFE3757-A22C-4404-99AF-D52F623C8F6E}
		{C0F2E6E6-A174-4435-96DE-58B430154C29} = {1BFE3757-A22C-4404-99AF-D52F623C8F6E}
		{735499EA-702B-4E85-9D9B-AC60BD78108F} = {1BFE3757-A22C-4404-99AF-D52F623C8F6E}
		{014E580E-19A4-4954-9D54-7351938A0D78} = {23924A74-77F6-4647-8ED3-9876661DA9D3}
		{6FDD1B92-F4BB-4A74-A1F4-E153B0C3D49E} = {23924A74-77F6-4647-8ED3-9876661DA9D3}
		{A1BC314A-A4E2-472D-B343-0E3066AB3C53} = {23924A74-77F6-4647-8ED3-9876661DA9D3}
		{BB7E0C60-CB07-4235-B752-F652A36731DE} = {3CE174C5-68BC-40F4-998A-55CEB8102B96}
		{36426992-3E21-4485-A7F3-00D417BA8179} = {3CE174C5-68BC-40F4-998A-55CEB8102B96}
		{B051FCD0-AFB5-4B3E-9437-68F325B2CA9F} = {3CE174C5-68BC-40F4-998A-55CEB8102B96}
		{2B7C7772-7521-4D7D-B624-277E8328679C} = {23924A74-77F6-4647-8ED3-9876661DA9D3}
		{CE04F467-C3DC-4EF5-998F-788B3ECAA2B4} = {49E09DB8-01F1-45F8-8C04-5648D9BD52B6}
		{7A3A270B-0BE6-48BF-B612-09562E01E7CD} = {49E09DB8-01F1-45F8-8C04-5648D9BD52B6}
		{C1DB8EE0-82B7-4E5C-B982-8CAEA9C97BDE} = {49E09DB8-01F1-45F8-8C04-5648D9BD52B6}
	EndGlobalSection
	GlobalSection(ExtensibilityGlobals) = postSolution
		SolutionGuid = {D48A75F2-9692-4530-BF76-D41A0C224748}
	EndGlobalSection
EndGlobal
