
Microsoft Visual Studio Solution File, Format Version 12.00
# Visual Studio Version 17
VisualStudioVersion = 17.5.33516.290
MinimumVisualStudioVersion = 10.0.40219.1
Project("{2150E333-8FDC-42A3-9474-1A3956D46DE8}") = "Homework01", "Homework01", "{3835FB40-7369-44FE-B11A-8075E9D286C1}"
EndProject
Project("{8BC9CEB8-8B4A-11D0-8D11-00A0C91BC942}") = "Homework01_01", "Homework01_01\Homework01_01.vcxproj", "{589D1BEA-412D-489A-8774-291F40F8A280}"
EndProject
Project("{8BC9CEB8-8B4A-11D0-8D11-00A0C91BC942}") = "Homework01_02", "Homework01_02\Homework01_02.vcxproj", "{C3D000CB-7678-42B4-9300-2524F71B2A3C}"
EndProject
Project("{2150E333-8FDC-42A3-9474-1A3956D46DE8}") = "Homework02", "Homework02", "{461FD278-3FB5-4238-BCD9-7A15DCFB32D9}"
EndProject
Project("{8BC9CEB8-8B4A-11D0-8D11-00A0C91BC942}") = "Homework02_01", "Homework02_01\Homework02_01.vcxproj", "{AEBDD1DD-BB96-4851-BEDF-505EA4FE7EA8}"
EndProject
Project("{2150E333-8FDC-42A3-9474-1A3956D46DE8}") = "Homework03", "Homework03", "{40A6DBD6-1F5C-4F88-BAA7-EC2CB50A1432}"
EndProject
Project("{8BC9CEB8-8B4A-11D0-8D11-00A0C91BC942}") = "Homework03_01", "Homework03_01\Homework03_01.vcxproj", "{53315D6C-748C-400F-8153-953D58464498}"
EndProject
Project("{8BC9CEB8-8B4A-11D0-8D11-00A0C91BC942}") = "Homework03_02", "Homework03_02\Homework03_02.vcxproj", "{073024D8-2D02-47C7-9BAC-D21AFC2044F5}"
EndProject
Project("{8BC9CEB8-8B4A-11D0-8D11-00A0C91BC942}") = "Homework03_03", "Homework03_03\Homework03_03.vcxproj", "{6C913C0F-217E-49D1-B33F-5E049C25C25E}"
EndProject
Project("{2150E333-8FDC-42A3-9474-1A3956D46DE8}") = "Homework04", "Homework04", "{31164C23-848A-4E45-9ECD-B59AF7233197}"
EndProject
Project("{8BC9CEB8-8B4A-11D0-8D11-00A0C91BC942}") = "Homework04_01", "Homework04_01\Homework04_01.vcxproj", "{E2841373-2053-44C6-9C56-D91CBEF8FE3E}"
EndProject
Project("{8BC9CEB8-8B4A-11D0-8D11-00A0C91BC942}") = "Homework04_02", "Homework04_02\Homework04_02.vcxproj", "{1E7E5957-8BAD-40EF-A63A-875187A4CC0D}"
EndProject
Global
	GlobalSection(SolutionConfigurationPlatforms) = preSolution
		Debug|x64 = Debug|x64
		Debug|x86 = Debug|x86
		Release|x64 = Release|x64
		Release|x86 = Release|x86
	EndGlobalSection
	GlobalSection(ProjectConfigurationPlatforms) = postSolution
		{589D1BEA-412D-489A-8774-291F40F8A280}.Debug|x64.ActiveCfg = Debug|x64
		{589D1BEA-412D-489A-8774-291F40F8A280}.Debug|x64.Build.0 = Debug|x64
		{589D1BEA-412D-489A-8774-291F40F8A280}.Debug|x86.ActiveCfg = Debug|Win32
		{589D1BEA-412D-489A-8774-291F40F8A280}.Debug|x86.Build.0 = Debug|Win32
		{589D1BEA-412D-489A-8774-291F40F8A280}.Release|x64.ActiveCfg = Release|x64
		{589D1BEA-412D-489A-8774-291F40F8A280}.Release|x64.Build.0 = Release|x64
		{589D1BEA-412D-489A-8774-291F40F8A280}.Release|x86.ActiveCfg = Release|Win32
		{589D1BEA-412D-489A-8774-291F40F8A280}.Release|x86.Build.0 = Release|Win32
		{C3D000CB-7678-42B4-9300-2524F71B2A3C}.Debug|x64.ActiveCfg = Debug|x64
		{C3D000CB-7678-42B4-9300-2524F71B2A3C}.Debug|x64.Build.0 = Debug|x64
		{C3D000CB-7678-42B4-9300-2524F71B2A3C}.Debug|x86.ActiveCfg = Debug|Win32
		{C3D000CB-7678-42B4-9300-2524F71B2A3C}.Debug|x86.Build.0 = Debug|Win32
		{C3D000CB-7678-42B4-9300-2524F71B2A3C}.Release|x64.ActiveCfg = Release|x64
		{C3D000CB-7678-42B4-9300-2524F71B2A3C}.Release|x64.Build.0 = Release|x64
		{C3D000CB-7678-42B4-9300-2524F71B2A3C}.Release|x86.ActiveCfg = Release|Win32
		{C3D000CB-7678-42B4-9300-2524F71B2A3C}.Release|x86.Build.0 = Release|Win32
		{AEBDD1DD-BB96-4851-BEDF-505EA4FE7EA8}.Debug|x64.ActiveCfg = Debug|x64
		{AEBDD1DD-BB96-4851-BEDF-505EA4FE7EA8}.Debug|x64.Build.0 = Debug|x64
		{AEBDD1DD-BB96-4851-BEDF-505EA4FE7EA8}.Debug|x86.ActiveCfg = Debug|Win32
		{AEBDD1DD-BB96-4851-BEDF-505EA4FE7EA8}.Debug|x86.Build.0 = Debug|Win32
		{AEBDD1DD-BB96-4851-BEDF-505EA4FE7EA8}.Release|x64.ActiveCfg = Release|x64
		{AEBDD1DD-BB96-4851-BEDF-505EA4FE7EA8}.Release|x64.Build.0 = Release|x64
		{AEBDD1DD-BB96-4851-BEDF-505EA4FE7EA8}.Release|x86.ActiveCfg = Release|Win32
		{AEBDD1DD-BB96-4851-BEDF-505EA4FE7EA8}.Release|x86.Build.0 = Release|Win32
		{53315D6C-748C-400F-8153-953D58464498}.Debug|x64.ActiveCfg = Debug|x64
		{53315D6C-748C-400F-8153-953D58464498}.Debug|x64.Build.0 = Debug|x64
		{53315D6C-748C-400F-8153-953D58464498}.Debug|x86.ActiveCfg = Debug|Win32
		{53315D6C-748C-400F-8153-953D58464498}.Debug|x86.Build.0 = Debug|Win32
		{53315D6C-748C-400F-8153-953D58464498}.Release|x64.ActiveCfg = Release|x64
		{53315D6C-748C-400F-8153-953D58464498}.Release|x64.Build.0 = Release|x64
		{53315D6C-748C-400F-8153-953D58464498}.Release|x86.ActiveCfg = Release|Win32
		{53315D6C-748C-400F-8153-953D58464498}.Release|x86.Build.0 = Release|Win32
		{073024D8-2D02-47C7-9BAC-D21AFC2044F5}.Debug|x64.ActiveCfg = Debug|x64
		{073024D8-2D02-47C7-9BAC-D21AFC2044F5}.Debug|x64.Build.0 = Debug|x64
		{073024D8-2D02-47C7-9BAC-D21AFC2044F5}.Debug|x86.ActiveCfg = Debug|Win32
		{073024D8-2D02-47C7-9BAC-D21AFC2044F5}.Debug|x86.Build.0 = Debug|Win32
		{073024D8-2D02-47C7-9BAC-D21AFC2044F5}.Release|x64.ActiveCfg = Release|x64
		{073024D8-2D02-47C7-9BAC-D21AFC2044F5}.Release|x64.Build.0 = Release|x64
		{073024D8-2D02-47C7-9BAC-D21AFC2044F5}.Release|x86.ActiveCfg = Release|Win32
		{073024D8-2D02-47C7-9BAC-D21AFC2044F5}.Release|x86.Build.0 = Release|Win32
		{6C913C0F-217E-49D1-B33F-5E049C25C25E}.Debug|x64.ActiveCfg = Debug|x64
		{6C913C0F-217E-49D1-B33F-5E049C25C25E}.Debug|x64.Build.0 = Debug|x64
		{6C913C0F-217E-49D1-B33F-5E049C25C25E}.Debug|x86.ActiveCfg = Debug|Win32
		{6C913C0F-217E-49D1-B33F-5E049C25C25E}.Debug|x86.Build.0 = Debug|Win32
		{6C913C0F-217E-49D1-B33F-5E049C25C25E}.Release|x64.ActiveCfg = Release|x64
		{6C913C0F-217E-49D1-B33F-5E049C25C25E}.Release|x64.Build.0 = Release|x64
		{6C913C0F-217E-49D1-B33F-5E049C25C25E}.Release|x86.ActiveCfg = Release|Win32
		{6C913C0F-217E-49D1-B33F-5E049C25C25E}.Release|x86.Build.0 = Release|Win32
		{E2841373-2053-44C6-9C56-D91CBEF8FE3E}.Debug|x64.ActiveCfg = Debug|x64
		{E2841373-2053-44C6-9C56-D91CBEF8FE3E}.Debug|x64.Build.0 = Debug|x64
		{E2841373-2053-44C6-9C56-D91CBEF8FE3E}.Debug|x86.ActiveCfg = Debug|Win32
		{E2841373-2053-44C6-9C56-D91CBEF8FE3E}.Debug|x86.Build.0 = Debug|Win32
		{E2841373-2053-44C6-9C56-D91CBEF8FE3E}.Release|x64.ActiveCfg = Release|x64
		{E2841373-2053-44C6-9C56-D91CBEF8FE3E}.Release|x64.Build.0 = Release|x64
		{E2841373-2053-44C6-9C56-D91CBEF8FE3E}.Release|x86.ActiveCfg = Release|Win32
		{E2841373-2053-44C6-9C56-D91CBEF8FE3E}.Release|x86.Build.0 = Release|Win32
		{1E7E5957-8BAD-40EF-A63A-875187A4CC0D}.Debug|x64.ActiveCfg = Debug|x64
		{1E7E5957-8BAD-40EF-A63A-875187A4CC0D}.Debug|x64.Build.0 = Debug|x64
		{1E7E5957-8BAD-40EF-A63A-875187A4CC0D}.Debug|x86.ActiveCfg = Debug|Win32
		{1E7E5957-8BAD-40EF-A63A-875187A4CC0D}.Debug|x86.Build.0 = Debug|Win32
		{1E7E5957-8BAD-40EF-A63A-875187A4CC0D}.Release|x64.ActiveCfg = Release|x64
		{1E7E5957-8BAD-40EF-A63A-875187A4CC0D}.Release|x64.Build.0 = Release|x64
		{1E7E5957-8BAD-40EF-A63A-875187A4CC0D}.Release|x86.ActiveCfg = Release|Win32
		{1E7E5957-8BAD-40EF-A63A-875187A4CC0D}.Release|x86.Build.0 = Release|Win32
	EndGlobalSection
	GlobalSection(SolutionProperties) = preSolution
		HideSolutionNode = FALSE
	EndGlobalSection
	GlobalSection(NestedProjects) = preSolution
		{589D1BEA-412D-489A-8774-291F40F8A280} = {3835FB40-7369-44FE-B11A-8075E9D286C1}
		{C3D000CB-7678-42B4-9300-2524F71B2A3C} = {3835FB40-7369-44FE-B11A-8075E9D286C1}
		{AEBDD1DD-BB96-4851-BEDF-505EA4FE7EA8} = {461FD278-3FB5-4238-BCD9-7A15DCFB32D9}
		{53315D6C-748C-400F-8153-953D58464498} = {40A6DBD6-1F5C-4F88-BAA7-EC2CB50A1432}
		{073024D8-2D02-47C7-9BAC-D21AFC2044F5} = {40A6DBD6-1F5C-4F88-BAA7-EC2CB50A1432}
		{6C913C0F-217E-49D1-B33F-5E049C25C25E} = {40A6DBD6-1F5C-4F88-BAA7-EC2CB50A1432}
		{E2841373-2053-44C6-9C56-D91CBEF8FE3E} = {31164C23-848A-4E45-9ECD-B59AF7233197}
		{1E7E5957-8BAD-40EF-A63A-875187A4CC0D} = {31164C23-848A-4E45-9ECD-B59AF7233197}
	EndGlobalSection
	GlobalSection(ExtensibilityGlobals) = postSolution
		SolutionGuid = {2E636480-0727-4836-BA2A-A349A722F464}
	EndGlobalSection
EndGlobal
